
Microsoft Visual Studio Solution File, Format Version 12.00
# Visual Studio Version 17
VisualStudioVersion = 17.3.32929.385
MinimumVisualStudioVersion = 10.0.40219.1
Project("{FAE04EC0-301F-11D3-BF4B-00C04F79EFBC}") = "Produtor", "Produtor\Produtor.csproj", "{F6EB4DCA-33B1-4588-8E26-925E1BE6DEC1}"
EndProject
Project("{9A19103F-16F7-4668-BE54-9A1E7A4F7556}") = "Consumidor", "COnsumidor\Consumidor.csproj", "{FE433442-3AE5-4B95-9B80-AD49BFEF00B8}"
EndProject
Project("{2150E333-8FDC-42A3-9474-1A3956D46DE8}") = "Console", "Console", "{8BA5F283-2FAC-4CE1-A283-B7B4AE3CCCF0}"
EndProject
Project("{2150E333-8FDC-42A3-9474-1A3956D46DE8}") = "Avros", "Avros", "{4351F804-F9B7-429B-B0BB-56727DC373BA}"
	ProjectSection(SolutionItems) = preProject
		Curso.avsc = Curso.avsc
	EndProjectSection
EndProject
Global
	GlobalSection(SolutionConfigurationPlatforms) = preSolution
		Debug|Any CPU = Debug|Any CPU
		Release|Any CPU = Release|Any CPU
	EndGlobalSection
	GlobalSection(ProjectConfigurationPlatforms) = postSolution
		{F6EB4DCA-33B1-4588-8E26-925E1BE6DEC1}.Debug|Any CPU.ActiveCfg = Debug|Any CPU
		{F6EB4DCA-33B1-4588-8E26-925E1BE6DEC1}.Debug|Any CPU.Build.0 = Debug|Any CPU
		{F6EB4DCA-33B1-4588-8E26-925E1BE6DEC1}.Release|Any CPU.ActiveCfg = Release|Any CPU
		{F6EB4DCA-33B1-4588-8E26-925E1BE6DEC1}.Release|Any CPU.Build.0 = Release|Any CPU
		{FE433442-3AE5-4B95-9B80-AD49BFEF00B8}.Debug|Any CPU.ActiveCfg = Debug|Any CPU
		{FE433442-3AE5-4B95-9B80-AD49BFEF00B8}.Debug|Any CPU.Build.0 = Debug|Any CPU
		{FE433442-3AE5-4B95-9B80-AD49BFEF00B8}.Release|Any CPU.ActiveCfg = Release|Any CPU
		{FE433442-3AE5-4B95-9B80-AD49BFEF00B8}.Release|Any CPU.Build.0 = Release|Any CPU
	EndGlobalSection
	GlobalSection(SolutionProperties) = preSolution
		HideSolutionNode = FALSE
	EndGlobalSection
	GlobalSection(NestedProjects) = preSolution
		{F6EB4DCA-33B1-4588-8E26-925E1BE6DEC1} = {8BA5F283-2FAC-4CE1-A283-B7B4AE3CCCF0}
		{FE433442-3AE5-4B95-9B80-AD49BFEF00B8} = {8BA5F283-2FAC-4CE1-A283-B7B4AE3CCCF0}
		{4351F804-F9B7-429B-B0BB-56727DC373BA} = {8BA5F283-2FAC-4CE1-A283-B7B4AE3CCCF0}
	EndGlobalSection
	GlobalSection(ExtensibilityGlobals) = postSolution
		SolutionGuid = {9795D467-8009-42BC-8111-E1FCF7CCB7AD}
	EndGlobalSection
EndGlobal
